
Microsoft Visual Studio Solution File, Format Version 12.00
# Visual Studio Version 17
VisualStudioVersion = 17.3.32929.385
MinimumVisualStudioVersion = 10.0.40219.1
Project("{FAE04EC0-301F-11D3-BF4B-00C04F79EFBC}") = "Task1", "Task1\Task1.csproj", "{9AC646B5-EF1F-4E5C-9DD1-CD1EF6287CFC}"
EndProject
Project("{FAE04EC0-301F-11D3-BF4B-00C04F79EFBC}") = "PersonTests", "PersonTests\PersonTests.csproj", "{2842FFA9-0BFB-4B19-91A1-564E02479FA1}"
EndProject
Global
	GlobalSection(SolutionConfigurationPlatforms) = preSolution
		Debug|Any CPU = Debug|Any CPU
		Release|Any CPU = Release|Any CPU
	EndGlobalSection
	GlobalSection(ProjectConfigurationPlatforms) = postSolution
		{9AC646B5-EF1F-4E5C-9DD1-CD1EF6287CFC}.Debug|Any CPU.ActiveCfg = Debug|Any CPU
		{9AC646B5-EF1F-4E5C-9DD1-CD1EF6287CFC}.Debug|Any CPU.Build.0 = Debug|Any CPU
		{9AC646B5-EF1F-4E5C-9DD1-CD1EF6287CFC}.Release|Any CPU.ActiveCfg = Release|Any CPU
		{9AC646B5-EF1F-4E5C-9DD1-CD1EF6287CFC}.Release|Any CPU.Build.0 = Release|Any CPU
		{2842FFA9-0BFB-4B19-91A1-564E02479FA1}.Debug|Any CPU.ActiveCfg = Debug|Any CPU
		{2842FFA9-0BFB-4B19-91A1-564E02479FA1}.Debug|Any CPU.Build.0 = Debug|Any CPU
		{2842FFA9-0BFB-4B19-91A1-564E02479FA1}.Release|Any CPU.ActiveCfg = Release|Any CPU
		{2842FFA9-0BFB-4B19-91A1-564E02479FA1}.Release|Any CPU.Build.0 = Release|Any CPU
	EndGlobalSection
	GlobalSection(SolutionProperties) = preSolution
		HideSolutionNode = FALSE
	EndGlobalSection
	GlobalSection(ExtensibilityGlobals) = postSolution
		SolutionGuid = {F5D4178B-72E8-48B9-874A-5E5F6BC3F8D5}
	EndGlobalSection
EndGlobal
